
Microsoft Visual Studio Solution File, Format Version 12.00
# Visual Studio Version 16
VisualStudioVersion = 16.0.31624.102
MinimumVisualStudioVersion = 10.0.40219.1
Project("{9A19103F-16F7-4668-BE54-9A1E7A4F7556}") = "ConsoleClient", "ConsoleClient.csproj", "{E1123F02-1D1D-4B63-821B-F1805565B51E}"
EndProject
Project("{9A19103F-16F7-4668-BE54-9A1E7A4F7556}") = "ASPCoreServer", "..\ASPCoreServer\ASPCoreServer.csproj", "{E7E54D55-2386-46F3-A1E2-B13132B402A5}"
EndProject
Project("{FAE04EC0-301F-11D3-BF4B-00C04F79EFBC}") = "WFClient", "..\WFClient\WFClient.csproj", "{C0858A4A-327F-4164-9A84-32155FAC5A5F}"
EndProject
Global
	GlobalSection(SolutionConfigurationPlatforms) = preSolution
		Debug|Any CPU = Debug|Any CPU
		Release|Any CPU = Release|Any CPU
	EndGlobalSection
	GlobalSection(ProjectConfigurationPlatforms) = postSolution
		{E1123F02-1D1D-4B63-821B-F1805565B51E}.Debug|Any CPU.ActiveCfg = Debug|Any CPU
		{E1123F02-1D1D-4B63-821B-F1805565B51E}.Debug|Any CPU.Build.0 = Debug|Any CPU
		{E1123F02-1D1D-4B63-821B-F1805565B51E}.Release|Any CPU.ActiveCfg = Release|Any CPU
		{E1123F02-1D1D-4B63-821B-F1805565B51E}.Release|Any CPU.Build.0 = Release|Any CPU
		{E7E54D55-2386-46F3-A1E2-B13132B402A5}.Debug|Any CPU.ActiveCfg = Debug|Any CPU
		{E7E54D55-2386-46F3-A1E2-B13132B402A5}.Debug|Any CPU.Build.0 = Debug|Any CPU
		{E7E54D55-2386-46F3-A1E2-B13132B402A5}.Release|Any CPU.ActiveCfg = Release|Any CPU
		{E7E54D55-2386-46F3-A1E2-B13132B402A5}.Release|Any CPU.Build.0 = Release|Any CPU
		{C0858A4A-327F-4164-9A84-32155FAC5A5F}.Debug|Any CPU.ActiveCfg = Debug|Any CPU
		{C0858A4A-327F-4164-9A84-32155FAC5A5F}.Debug|Any CPU.Build.0 = Debug|Any CPU
		{C0858A4A-327F-4164-9A84-32155FAC5A5F}.Release|Any CPU.ActiveCfg = Release|Any CPU
		{C0858A4A-327F-4164-9A84-32155FAC5A5F}.Release|Any CPU.Build.0 = Release|Any CPU
	EndGlobalSection
	GlobalSection(SolutionProperties) = preSolution
		HideSolutionNode = FALSE
	EndGlobalSection
	GlobalSection(ExtensibilityGlobals) = postSolution
		SolutionGuid = {6687504B-88E1-421E-9EEA-37E5E06A3469}
	EndGlobalSection
EndGlobal
